
Microsoft Visual Studio Solution File, Format Version 12.00
# Visual Studio Version 17
VisualStudioVersion = 17.10.35013.160
MinimumVisualStudioVersion = 10.0.40219.1
Project("{FAE04EC0-301F-11D3-BF4B-00C04F79EFBC}") = "ConsoleApp1", "ConsoleApp1\ConsoleApp1.csproj", "{EE3B01F7-10E1-474E-A369-993C02B9E5DA}"
EndProject
Global
	GlobalSection(SolutionConfigurationPlatforms) = preSolution
		Debug|Any CPU = Debug|Any CPU
		Release|Any CPU = Release|Any CPU
	EndGlobalSection
	GlobalSection(ProjectConfigurationPlatforms) = postSolution
		{EE3B01F7-10E1-474E-A369-993C02B9E5DA}.Debug|Any CPU.ActiveCfg = Debug|Any CPU
		{EE3B01F7-10E1-474E-A369-993C02B9E5DA}.Debug|Any CPU.Build.0 = Debug|Any CPU
		{EE3B01F7-10E1-474E-A369-993C02B9E5DA}.Release|Any CPU.ActiveCfg = Release|Any CPU
		{EE3B01F7-10E1-474E-A369-993C02B9E5DA}.Release|Any CPU.Build.0 = Release|Any CPU
	EndGlobalSection
	GlobalSection(SolutionProperties) = preSolution
		HideSolutionNode = FALSE
	EndGlobalSection
	GlobalSection(ExtensibilityGlobals) = postSolution
		SolutionGuid = {2A2FBAD1-5533-48FD-A122-325EF4D44312}
	EndGlobalSection
EndGlobal
